
Microsoft Visual Studio Solution File, Format Version 12.00
# Visual Studio Version 17
VisualStudioVersion = 17.6.33815.320
MinimumVisualStudioVersion = 10.0.40219.1
Project("{FAE04EC0-301F-11D3-BF4B-00C04F79EFBC}") = "ExpenseAndPointServer", "ExpenseAndPointServer\ExpenseAndPointServer.csproj", "{C34A9704-7083-4874-9E45-A03F82D876DA}"
EndProject
Global
	GlobalSection(SolutionConfigurationPlatforms) = preSolution
		Debug|Any CPU = Debug|Any CPU
		Release|Any CPU = Release|Any CPU
	EndGlobalSection
	GlobalSection(ProjectConfigurationPlatforms) = postSolution
		{C34A9704-7083-4874-9E45-A03F82D876DA}.Debug|Any CPU.ActiveCfg = Debug|Any CPU
		{C34A9704-7083-4874-9E45-A03F82D876DA}.Debug|Any CPU.Build.0 = Debug|Any CPU
		{C34A9704-7083-4874-9E45-A03F82D876DA}.Release|Any CPU.ActiveCfg = Release|Any CPU
		{C34A9704-7083-4874-9E45-A03F82D876DA}.Release|Any CPU.Build.0 = Release|Any CPU
	EndGlobalSection
	GlobalSection(SolutionProperties) = preSolution
		HideSolutionNode = FALSE
	EndGlobalSection
	GlobalSection(ExtensibilityGlobals) = postSolution
		SolutionGuid = {13844E07-139E-4CCB-AE4B-52C05B67155A}
	EndGlobalSection
EndGlobal
